{
  "name": "tickets-get",
  "version": "1.0.0",
  "lockfileVersion": 1,
  "requires": true,
  "dependencies": {
    "mini.css": {
      "version": "3.0.1",
      "resolved": "https://registry.npmjs.org/mini.css/-/mini.css-3.0.1.tgz",
      "integrity": "sha512-FmuuBL0wuyDO1UA66TkAo8w2RxxuHmNPaUqUHcYlHtM9CJkrscQaNAJ/ParEahYFwtZOSgfEA7flbMoSPkzrPA=="
    },
    "qrcode-generator": {
      "version": "1.4.4",
      "resolved": "https://registry.npmjs.org/qrcode-generator/-/qrcode-generator-1.4.4.tgz",
      "integrity": "sha512-HM7yY8O2ilqhmULxGMpcHSF1EhJJ9yBj8gvDEuZ6M+KGJ0YY2hKpnXvRD+hZPLrDVck3ExIGhmPtSdcjC+guuw=="
    }
  }
}
